{
  "name": "primitivist",
  "version": "1.0.0",
  "lockfileVersion": 2,
  "requires": true,
  "packages": {
    "": {
      "name": "primitivist",
      "version": "1.0.0",
      "license": "MIT",
      "dependencies": {
        "minimist": "^1.2.6",
        "shell-quote": "^1.7.3"
      },
      "bin": {
        "primitivist": "primitivist"
      }
    },
    "node_modules/minimist": {
      "version": "1.2.6",
      "resolved": "https://registry.npmjs.org/minimist/-/minimist-1.2.6.tgz",
      "integrity": "sha512-Jsjnk4bw3YJqYzbdyBiNsPWHPfO++UGG749Cxs6peCu5Xg4nrena6OVxOYxrQTqww0Jmwt+Ref8rggumkTLz9Q=="
    },
    "node_modules/shell-quote": {
      "version": "1.7.3",
      "resolved": "https://registry.npmjs.org/shell-quote/-/shell-quote-1.7.3.tgz",
      "integrity": "sha512-Vpfqwm4EnqGdlsBFNmHhxhElJYrdfcxPThu+ryKS5J8L/fhAwLazFZtq+S+TWZ9ANj2piSQLGj6NQg+lKPmxrw=="
    }
  },
  "dependencies": {
    "minimist": {
      "version": "1.2.6",
      "resolved": "https://registry.npmjs.org/minimist/-/minimist-1.2.6.tgz",
      "integrity": "sha512-Jsjnk4bw3YJqYzbdyBiNsPWHPfO++UGG749Cxs6peCu5Xg4nrena6OVxOYxrQTqww0Jmwt+Ref8rggumkTLz9Q=="
    },
    "shell-quote": {
      "version": "1.7.3",
      "resolved": "https://registry.npmjs.org/shell-quote/-/shell-quote-1.7.3.tgz",
      "integrity": "sha512-Vpfqwm4EnqGdlsBFNmHhxhElJYrdfcxPThu+ryKS5J8L/fhAwLazFZtq+S+TWZ9ANj2piSQLGj6NQg+lKPmxrw=="
    }
  }
}
