{
  "name": "linspace",
  "version": "1.0.1",
  "lockfileVersion": 2,
  "requires": true,
  "packages": {
    "": {
      "version": "1.0.1",
      "license": "MIT",
      "dependencies": {
        "lodash.range": "3.1.7"
      },
      "devDependencies": {
        "tests-of-the-sierra-madre": "^0.0.0"
      }
    },
    "node_modules/lodash.range": {
      "version": "3.1.7",
      "resolved": "https://registry.npmjs.org/lodash.range/-/lodash.range-3.1.7.tgz",
      "integrity": "sha1-CueQAGngGNtEs/clW16488ridWI="
    },
    "node_modules/tests-of-the-sierra-madre": {
      "version": "0.0.0",
      "resolved": "https://registry.npmjs.org/tests-of-the-sierra-madre/-/tests-of-the-sierra-madre-0.0.0.tgz",
      "integrity": "sha1-KBK+86c9r4g4EX528/fmwbbDUPk=",
      "deprecated": "tests-of-the-sierra-madre is deprecated in favor of @jfhbrook/clipart.",
      "dev": true,
      "bin": {
        "tests-of-the-sierra-madre": "tests-of-the-sierra-madre"
      }
    }
  },
  "dependencies": {
    "lodash.range": {
      "version": "3.1.7",
      "resolved": "https://registry.npmjs.org/lodash.range/-/lodash.range-3.1.7.tgz",
      "integrity": "sha1-CueQAGngGNtEs/clW16488ridWI="
    },
    "tests-of-the-sierra-madre": {
      "version": "0.0.0",
      "resolved": "https://registry.npmjs.org/tests-of-the-sierra-madre/-/tests-of-the-sierra-madre-0.0.0.tgz",
      "integrity": "sha1-KBK+86c9r4g4EX528/fmwbbDUPk=",
      "dev": true
    }
  }
}
